
Microsoft Visual Studio Solution File, Format Version 12.00
# Visual Studio Version 17
VisualStudioVersion = 17.1.32407.343
MinimumVisualStudioVersion = 10.0.40219.1
Project("{9A19103F-16F7-4668-BE54-9A1E7A4F7556}") = "Example.TodoWebApp.Data", "Example.TodoWebApp.Data\Example.TodoWebApp.Data.csproj", "{F9C67EE1-E90E-41F2-906E-315C1F13FD03}"
EndProject
Project("{9A19103F-16F7-4668-BE54-9A1E7A4F7556}") = "Example.TodoWebApp.Bussiness", "Example.TodoWebApp.Bussiness\Example.TodoWebApp.Bussiness.csproj", "{75995275-EFA0-4C9A-B073-BBFCC2E4E9A1}"
EndProject
Project("{9A19103F-16F7-4668-BE54-9A1E7A4F7556}") = "Example.TodoWebApp.UI", "Example.TodoWebApp.UI\Example.TodoWebApp.UI.csproj", "{CDDD530B-844B-4657-B506-3FB358EAA7FE}"
EndProject
Project("{9A19103F-16F7-4668-BE54-9A1E7A4F7556}") = "Example.TodoWebApp.Global", "Example.TodoWebApp.Global\Example.TodoWebApp.Global.csproj", "{633CB61B-3DA1-4737-94C6-513E82ECE526}"
EndProject
Global
	GlobalSection(SolutionConfigurationPlatforms) = preSolution
		Debug|Any CPU = Debug|Any CPU
		Release|Any CPU = Release|Any CPU
	EndGlobalSection
	GlobalSection(ProjectConfigurationPlatforms) = postSolution
		{F9C67EE1-E90E-41F2-906E-315C1F13FD03}.Debug|Any CPU.ActiveCfg = Debug|Any CPU
		{F9C67EE1-E90E-41F2-906E-315C1F13FD03}.Debug|Any CPU.Build.0 = Debug|Any CPU
		{F9C67EE1-E90E-41F2-906E-315C1F13FD03}.Release|Any CPU.ActiveCfg = Release|Any CPU
		{F9C67EE1-E90E-41F2-906E-315C1F13FD03}.Release|Any CPU.Build.0 = Release|Any CPU
		{75995275-EFA0-4C9A-B073-BBFCC2E4E9A1}.Debug|Any CPU.ActiveCfg = Debug|Any CPU
		{75995275-EFA0-4C9A-B073-BBFCC2E4E9A1}.Debug|Any CPU.Build.0 = Debug|Any CPU
		{75995275-EFA0-4C9A-B073-BBFCC2E4E9A1}.Release|Any CPU.ActiveCfg = Release|Any CPU
		{75995275-EFA0-4C9A-B073-BBFCC2E4E9A1}.Release|Any CPU.Build.0 = Release|Any CPU
		{CDDD530B-844B-4657-B506-3FB358EAA7FE}.Debug|Any CPU.ActiveCfg = Debug|Any CPU
		{CDDD530B-844B-4657-B506-3FB358EAA7FE}.Debug|Any CPU.Build.0 = Debug|Any CPU
		{CDDD530B-844B-4657-B506-3FB358EAA7FE}.Release|Any CPU.ActiveCfg = Release|Any CPU
		{CDDD530B-844B-4657-B506-3FB358EAA7FE}.Release|Any CPU.Build.0 = Release|Any CPU
		{633CB61B-3DA1-4737-94C6-513E82ECE526}.Debug|Any CPU.ActiveCfg = Debug|Any CPU
		{633CB61B-3DA1-4737-94C6-513E82ECE526}.Debug|Any CPU.Build.0 = Debug|Any CPU
		{633CB61B-3DA1-4737-94C6-513E82ECE526}.Release|Any CPU.ActiveCfg = Release|Any CPU
		{633CB61B-3DA1-4737-94C6-513E82ECE526}.Release|Any CPU.Build.0 = Release|Any CPU
	EndGlobalSection
	GlobalSection(SolutionProperties) = preSolution
		HideSolutionNode = FALSE
	EndGlobalSection
	GlobalSection(ExtensibilityGlobals) = postSolution
		SolutionGuid = {DDD8A158-143B-4FB2-9E24-6CBBAC5027E6}
	EndGlobalSection
EndGlobal
